// !$*UTF8*$!
{
	archiveVersion = 1;
	classes = {
	};
	objectVersion = 56;
	objects = {

/* Begin PBXBuildFile section */
		EEED08C32C215DFC00F300EC /* AppDelegate.swift in Sources */ = {isa = PBXBuildFile; fileRef = EEED08C22C215DFC00F300EC /* AppDelegate.swift */; };
		EEED08C52C215DFC00F300EC /* SceneDelegate.swift in Sources */ = {isa = PBXBuildFile; fileRef = EEED08C42C215DFC00F300EC /* SceneDelegate.swift */; };
		EEED08C72C215DFC00F300EC /* ViewController.swift in Sources */ = {isa = PBXBuildFile; fileRef = EEED08C62C215DFC00F300EC /* ViewController.swift */; };
		EEED08CA2C215DFC00F300EC /* Main.storyboard in Resources */ = {isa = PBXBuildFile; fileRef = EEED08C82C215DFC00F300EC /* Main.storyboard */; };
		EEED08CC2C215DFF00F300EC /* Assets.xcassets in Resources */ = {isa = PBXBuildFile; fileRef = EEED08CB2C215DFF00F300EC /* Assets.xcassets */; };
		EEED08CF2C215DFF00F300EC /* LaunchScreen.storyboard in Resources */ = {isa = PBXBuildFile; fileRef = EEED08CD2C215DFF00F300EC /* LaunchScreen.storyboard */; };
		EEED08D72C216F4500F300EC /* Article.swift in Sources */ = {isa = PBXBuildFile; fileRef = EEED08D62C216F4500F300EC /* Article.swift */; };
		EEED08DA2C21707C00F300EC /* RegularArticleCell.swift in Sources */ = {isa = PBXBuildFile; fileRef = EEED08D82C21707C00F300EC /* RegularArticleCell.swift */; };
		EEED08DB2C21707C00F300EC /* RegularArticleCell.xib in Resources */ = {isa = PBXBuildFile; fileRef = EEED08D92C21707C00F300EC /* RegularArticleCell.xib */; };
		EEED08DE2C21709400F300EC /* VideoArticleCell.swift in Sources */ = {isa = PBXBuildFile; fileRef = EEED08DC2C21709400F300EC /* VideoArticleCell.swift */; };
		EEED08DF2C21709400F300EC /* VideoArticleCell.xib in Resources */ = {isa = PBXBuildFile; fileRef = EEED08DD2C21709400F300EC /* VideoArticleCell.xib */; };
		EEED08E12C21977A00F300EC /* UIImageView+Extension.swift in Sources */ = {isa = PBXBuildFile; fileRef = EEED08E02C21977A00F300EC /* UIImageView+Extension.swift */; };
/* End PBXBuildFile section */

/* Begin PBXFileReference section */
		EEED08BF2C215DFC00F300EC /* DispachOneDemo.app */ = {isa = PBXFileReference; explicitFileType = wrapper.application; includeInIndex = 0; path = DispachOneDemo.app; sourceTree = BUILT_PRODUCTS_DIR; };
		EEED08C22C215DFC00F300EC /* AppDelegate.swift */ = {isa = PBXFileReference; lastKnownFileType = sourcecode.swift; path = AppDelegate.swift; sourceTree = "<group>"; };
		EEED08C42C215DFC00F300EC /* SceneDelegate.swift */ = {isa = PBXFileReference; lastKnownFileType = sourcecode.swift; path = SceneDelegate.swift; sourceTree = "<group>"; };
		EEED08C62C215DFC00F300EC /* ViewController.swift */ = {isa = PBXFileReference; lastKnownFileType = sourcecode.swift; path = ViewController.swift; sourceTree = "<group>"; };
		EEED08C92C215DFC00F300EC /* Base */ = {isa = PBXFileReference; lastKnownFileType = file.storyboard; name = Base; path = Base.lproj/Main.storyboard; sourceTree = "<group>"; };
		EEED08CB2C215DFF00F300EC /* Assets.xcassets */ = {isa = PBXFileReference; lastKnownFileType = folder.assetcatalog; path = Assets.xcassets; sourceTree = "<group>"; };
		EEED08CE2C215DFF00F300EC /* Base */ = {isa = PBXFileReference; lastKnownFileType = file.storyboard; name = Base; path = Base.lproj/LaunchScreen.storyboard; sourceTree = "<group>"; };
		EEED08D02C215DFF00F300EC /* Info.plist */ = {isa = PBXFileReference; lastKnownFileType = text.plist.xml; path = Info.plist; sourceTree = "<group>"; };
		EEED08D62C216F4500F300EC /* Article.swift */ = {isa = PBXFileReference; lastKnownFileType = sourcecode.swift; path = Article.swift; sourceTree = "<group>"; };
		EEED08D82C21707C00F300EC /* RegularArticleCell.swift */ = {isa = PBXFileReference; lastKnownFileType = sourcecode.swift; path = RegularArticleCell.swift; sourceTree = "<group>"; };
		EEED08D92C21707C00F300EC /* RegularArticleCell.xib */ = {isa = PBXFileReference; lastKnownFileType = file.xib; path = RegularArticleCell.xib; sourceTree = "<group>"; };
		EEED08DC2C21709400F300EC /* VideoArticleCell.swift */ = {isa = PBXFileReference; lastKnownFileType = sourcecode.swift; path = VideoArticleCell.swift; sourceTree = "<group>"; };
		EEED08DD2C21709400F300EC /* VideoArticleCell.xib */ = {isa = PBXFileReference; lastKnownFileType = file.xib; path = VideoArticleCell.xib; sourceTree = "<group>"; };
		EEED08E02C21977A00F300EC /* UIImageView+Extension.swift */ = {isa = PBXFileReference; lastKnownFileType = sourcecode.swift; path = "UIImageView+Extension.swift"; sourceTree = "<group>"; };
/* End PBXFileReference section */

/* Begin PBXFrameworksBuildPhase section */
		EEED08BC2C215DFC00F300EC /* Frameworks */ = {
			isa = PBXFrameworksBuildPhase;
			buildActionMask = 2147483647;
			files = (
			);
			runOnlyForDeploymentPostprocessing = 0;
		};
/* End PBXFrameworksBuildPhase section */

/* Begin PBXGroup section */
		EEED08B62C215DFC00F300EC = {
			isa = PBXGroup;
			children = (
				EEED08C12C215DFC00F300EC /* DispachOneDemo */,
				EEED08C02C215DFC00F300EC /* Products */,
			);
			sourceTree = "<group>";
		};
		EEED08C02C215DFC00F300EC /* Products */ = {
			isa = PBXGroup;
			children = (
				EEED08BF2C215DFC00F300EC /* DispachOneDemo.app */,
			);
			name = Products;
			sourceTree = "<group>";
		};
		EEED08C12C215DFC00F300EC /* DispachOneDemo */ = {
			isa = PBXGroup;
			children = (
				EEED08C22C215DFC00F300EC /* AppDelegate.swift */,
				EEED08C42C215DFC00F300EC /* SceneDelegate.swift */,
				EEED08C62C215DFC00F300EC /* ViewController.swift */,
				EEED08C82C215DFC00F300EC /* Main.storyboard */,
				EEED08CB2C215DFF00F300EC /* Assets.xcassets */,
				EEED08CD2C215DFF00F300EC /* LaunchScreen.storyboard */,
				EEED08D02C215DFF00F300EC /* Info.plist */,
				EEED08D62C216F4500F300EC /* Article.swift */,
				EEED08D82C21707C00F300EC /* RegularArticleCell.swift */,
				EEED08D92C21707C00F300EC /* RegularArticleCell.xib */,
				EEED08DC2C21709400F300EC /* VideoArticleCell.swift */,
				EEED08DD2C21709400F300EC /* VideoArticleCell.xib */,
				EEED08E02C21977A00F300EC /* UIImageView+Extension.swift */,
			);
			path = DispachOneDemo;
			sourceTree = "<group>";
		};
/* End PBXGroup section */

/* Begin PBXNativeTarget section */
		EEED08BE2C215DFC00F300EC /* DispachOneDemo */ = {
			isa = PBXNativeTarget;
			buildConfigurationList = EEED08D32C215DFF00F300EC /* Build configuration list for PBXNativeTarget "DispachOneDemo" */;
			buildPhases = (
				EEED08BB2C215DFC00F300EC /* Sources */,
				EEED08BC2C215DFC00F300EC /* Frameworks */,
				EEED08BD2C215DFC00F300EC /* Resources */,
			);
			buildRules = (
			);
			dependencies = (
			);
			name = DispachOneDemo;
			productName = DispachOneDemo;
			productReference = EEED08BF2C215DFC00F300EC /* DispachOneDemo.app */;
			productType = "com.apple.product-type.application";
		};
/* End PBXNativeTarget section */

/* Begin PBXProject section */
		EEED08B72C215DFC00F300EC /* Project object */ = {
			isa = PBXProject;
			attributes = {
				BuildIndependentTargetsInParallel = 1;
				LastSwiftUpdateCheck = 1510;
				LastUpgradeCheck = 1510;
				TargetAttributes = {
					EEED08BE2C215DFC00F300EC = {
						CreatedOnToolsVersion = 15.1;
					};
				};
			};
			buildConfigurationList = EEED08BA2C215DFC00F300EC /* Build configuration list for PBXProject "DispachOneDemo" */;
			compatibilityVersion = "Xcode 14.0";
			developmentRegion = en;
			hasScannedForEncodings = 0;
			knownRegions = (
				en,
				Base,
			);
			mainGroup = EEED08B62C215DFC00F300EC;
			productRefGroup = EEED08C02C215DFC00F300EC /* Products */;
			projectDirPath = "";
			projectRoot = "";
			targets = (
				EEED08BE2C215DFC00F300EC /* DispachOneDemo */,
			);
		};
/* End PBXProject section */

/* Begin PBXResourcesBuildPhase section */
		EEED08BD2C215DFC00F300EC /* Resources */ = {
			isa = PBXResourcesBuildPhase;
			buildActionMask = 2147483647;
			files = (
				EEED08CF2C215DFF00F300EC /* LaunchScreen.storyboard in Resources */,
				EEED08DF2C21709400F300EC /* VideoArticleCell.xib in Resources */,
				EEED08DB2C21707C00F300EC /* RegularArticleCell.xib in Resources */,
				EEED08CC2C215DFF00F300EC /* Assets.xcassets in Resources */,
				EEED08CA2C215DFC00F300EC /* Main.storyboard in Resources */,
			);
			runOnlyForDeploymentPostprocessing = 0;
		};
/* End PBXResourcesBuildPhase section */

/* Begin PBXSourcesBuildPhase section */
		EEED08BB2C215DFC00F300EC /* Sources */ = {
			isa = PBXSourcesBuildPhase;
			buildActionMask = 2147483647;
			files = (
				EEED08DE2C21709400F300EC /* VideoArticleCell.swift in Sources */,
				EEED08C72C215DFC00F300EC /* ViewController.swift in Sources */,
				EEED08E12C21977A00F300EC /* UIImageView+Extension.swift in Sources */,
				EEED08D72C216F4500F300EC /* Article.swift in Sources */,
				EEED08C32C215DFC00F300EC /* AppDelegate.swift in Sources */,
				EEED08C52C215DFC00F300EC /* SceneDelegate.swift in Sources */,
				EEED08DA2C21707C00F300EC /* RegularArticleCell.swift in Sources */,
			);
			runOnlyForDeploymentPostprocessing = 0;
		};
/* End PBXSourcesBuildPhase section */

/* Begin PBXVariantGroup section */
		EEED08C82C215DFC00F300EC /* Main.storyboard */ = {
			isa = PBXVariantGroup;
			children = (
				EEED08C92C215DFC00F300EC /* Base */,
			);
			name = Main.storyboard;
			sourceTree = "<group>";
		};
		EEED08CD2C215DFF00F300EC /* LaunchScreen.storyboard */ = {
			isa = PBXVariantGroup;
			children = (
				EEED08CE2C215DFF00F300EC /* Base */,
			);
			name = LaunchScreen.storyboard;
			sourceTree = "<group>";
		};
/* End PBXVariantGroup section */

/* Begin XCBuildConfiguration section */
		EEED08D12C215DFF00F300EC /* Debug */ = {
			isa = XCBuildConfiguration;
			buildSettings = {
				ALWAYS_SEARCH_USER_PATHS = NO;
				ASSETCATALOG_COMPILER_GENERATE_SWIFT_ASSET_SYMBOL_EXTENSIONS = YES;
				CLANG_ANALYZER_NONNULL = YES;
				CLANG_ANALYZER_NUMBER_OBJECT_CONVERSION = YES_AGGRESSIVE;
				CLANG_CXX_LANGUAGE_STANDARD = "gnu++20";
				CLANG_ENABLE_MODULES = YES;
				CLANG_ENABLE_OBJC_ARC = YES;
				CLANG_ENABLE_OBJC_WEAK = YES;
				CLANG_WARN_BLOCK_CAPTURE_AUTORELEASING = YES;
				CLANG_WARN_BOOL_CONVERSION = YES;
				CLANG_WARN_COMMA = YES;
				CLANG_WARN_CONSTANT_CONVERSION = YES;
				CLANG_WARN_DEPRECATED_OBJC_IMPLEMENTATIONS = YES;
				CLANG_WARN_DIRECT_OBJC_ISA_USAGE = YES_ERROR;
				CLANG_WARN_DOCUMENTATION_COMMENTS = YES;
				CLANG_WARN_EMPTY_BODY = YES;
				CLANG_WARN_ENUM_CONVERSION = YES;
				CLANG_WARN_INFINITE_RECURSION = YES;
				CLANG_WARN_INT_CONVERSION = YES;
				CLANG_WARN_NON_LITERAL_NULL_CONVERSION = YES;
				CLANG_WARN_OBJC_IMPLICIT_RETAIN_SELF = YES;
				CLANG_WARN_OBJC_LITERAL_CONVERSION = YES;
				CLANG_WARN_OBJC_ROOT_CLASS = YES_ERROR;
				CLANG_WARN_QUOTED_INCLUDE_IN_FRAMEWORK_HEADER = YES;
				CLANG_WARN_RANGE_LOOP_ANALYSIS = YES;
				CLANG_WARN_STRICT_PROTOTYPES = YES;
				CLANG_WARN_SUSPICIOUS_MOVE = YES;
				CLANG_WARN_UNGUARDED_AVAILABILITY = YES_AGGRESSIVE;
				CLANG_WARN_UNREACHABLE_CODE = YES;
				CLANG_WARN__DUPLICATE_METHOD_MATCH = YES;
				COPY_PHASE_STRIP = NO;
				DEBUG_INFORMATION_FORMAT = dwarf;
				ENABLE_STRICT_OBJC_MSGSEND = YES;
				ENABLE_TESTABILITY = YES;
				ENABLE_USER_SCRIPT_SANDBOXING = YES;
				GCC_C_LANGUAGE_STANDARD = gnu17;
				GCC_DYNAMIC_NO_PIC = NO;
				GCC_NO_COMMON_BLOCKS = YES;
				GCC_OPTIMIZATION_LEVEL = 0;
				GCC_PREPROCESSOR_DEFINITIONS = (
					"DEBUG=1",
					"$(inherited)",
				);
				GCC_WARN_64_TO_32_BIT_CONVERSION = YES;
				GCC_WARN_ABOUT_RETURN_TYPE = YES_ERROR;
				GCC_WARN_UNDECLARED_SELECTOR = YES;
				GCC_WARN_UNINITIALIZED_AUTOS = YES_AGGRESSIVE;
				GCC_WARN_UNUSED_FUNCTION = YES;
				GCC_WARN_UNUSED_VARIABLE = YES;
				IPHONEOS_DEPLOYMENT_TARGET = 17.2;
				LOCALIZATION_PREFERS_STRING_CATALOGS = YES;
				MTL_ENABLE_DEBUG_INFO = INCLUDE_SOURCE;
				MTL_FAST_MATH = YES;
				ONLY_ACTIVE_ARCH = YES;
				SDKROOT = iphoneos;
				SWIFT_ACTIVE_COMPILATION_CONDITIONS = "DEBUG $(inherited)";
				SWIFT_OPTIMIZATION_LEVEL = "-Onone";
			};
			name = Debug;
		};
		EEED08D22C215DFF00F300EC /* Release */ = {
			isa = XCBuildConfiguration;
			buildSettings = {
				ALWAYS_SEARCH_USER_PATHS = NO;
				ASSETCATALOG_COMPILER_GENERATE_SWIFT_ASSET_SYMBOL_EXTENSIONS = YES;
				CLANG_ANALYZER_NONNULL = YES;
				CLANG_ANALYZER_NUMBER_OBJECT_CONVERSION = YES_AGGRESSIVE;
				CLANG_CXX_LANGUAGE_STANDARD = "gnu++20";
				CLANG_ENABLE_MODULES = YES;
				CLANG_ENABLE_OBJC_ARC = YES;
				CLANG_ENABLE_OBJC_WEAK = YES;
				CLANG_WARN_BLOCK_CAPTURE_AUTORELEASING = YES;
				CLANG_WARN_BOOL_CONVERSION = YES;
				CLANG_WARN_COMMA = YES;
				CLANG_WARN_CONSTANT_CONVERSION = YES;
				CLANG_WARN_DEPRECATED_OBJC_IMPLEMENTATIONS = YES;
				CLANG_WARN_DIRECT_OBJC_ISA_USAGE = YES_ERROR;
				CLANG_WARN_DOCUMENTATION_COMMENTS = YES;
				CLANG_WARN_EMPTY_BODY = YES;
				CLANG_WARN_ENUM_CONVERSION = YES;
				CLANG_WARN_INFINITE_RECURSION = YES;
				CLANG_WARN_INT_CONVERSION = YES;
				CLANG_WARN_NON_LITERAL_NULL_CONVERSION = YES;
				CLANG_WARN_OBJC_IMPLICIT_RETAIN_SELF = YES;
				CLANG_WARN_OBJC_LITERAL_CONVERSION = YES;
				CLANG_WARN_OBJC_ROOT_CLASS = YES_ERROR;
				CLANG_WARN_QUOTED_INCLUDE_IN_FRAMEWORK_HEADER = YES;
				CLANG_WARN_RANGE_LOOP_ANALYSIS = YES;
				CLANG_WARN_STRICT_PROTOTYPES = YES;
				CLANG_WARN_SUSPICIOUS_MOVE = YES;
				CLANG_WARN_UNGUARDED_AVAILABILITY = YES_AGGRESSIVE;
				CLANG_WARN_UNREACHABLE_CODE = YES;
				CLANG_WARN__DUPLICATE_METHOD_MATCH = YES;
				COPY_PHASE_STRIP = NO;
				DEBUG_INFORMATION_FORMAT = "dwarf-with-dsym";
				ENABLE_NS_ASSERTIONS = NO;
				ENABLE_STRICT_OBJC_MSGSEND = YES;
				ENABLE_USER_SCRIPT_SANDBOXING = YES;
				GCC_C_LANGUAGE_STANDARD = gnu17;
				GCC_NO_COMMON_BLOCKS = YES;
				GCC_WARN_64_TO_32_BIT_CONVERSION = YES;
				GCC_WARN_ABOUT_RETURN_TYPE = YES_ERROR;
				GCC_WARN_UNDECLARED_SELECTOR = YES;
				GCC_WARN_UNINITIALIZED_AUTOS = YES_AGGRESSIVE;
				GCC_WARN_UNUSED_FUNCTION = YES;
				GCC_WARN_UNUSED_VARIABLE = YES;
				IPHONEOS_DEPLOYMENT_TARGET = 17.2;
				LOCALIZATION_PREFERS_STRING_CATALOGS = YES;
				MTL_ENABLE_DEBUG_INFO = NO;
				MTL_FAST_MATH = YES;
				SDKROOT = iphoneos;
				SWIFT_COMPILATION_MODE = wholemodule;
				VALIDATE_PRODUCT = YES;
			};
			name = Release;
		};
		EEED08D42C215DFF00F300EC /* Debug */ = {
			isa = XCBuildConfiguration;
			buildSettings = {
				ASSETCATALOG_COMPILER_APPICON_NAME = AppIcon;
				ASSETCATALOG_COMPILER_GLOBAL_ACCENT_COLOR_NAME = AccentColor;
				CODE_SIGN_STYLE = Automatic;
				CURRENT_PROJECT_VERSION = 1;
				GENERATE_INFOPLIST_FILE = YES;
				INFOPLIST_FILE = DispachOneDemo/Info.plist;
				INFOPLIST_KEY_UIApplicationSupportsIndirectInputEvents = YES;
				INFOPLIST_KEY_UILaunchStoryboardName = LaunchScreen;
				INFOPLIST_KEY_UIMainStoryboardFile = Main;
				INFOPLIST_KEY_UISupportedInterfaceOrientations_iPad = "UIInterfaceOrientationPortrait UIInterfaceOrientationPortraitUpsideDown UIInterfaceOrientationLandscapeLeft UIInterfaceOrientationLandscapeRight";
				INFOPLIST_KEY_UISupportedInterfaceOrientations_iPhone = "UIInterfaceOrientationPortrait UIInterfaceOrientationLandscapeLeft UIInterfaceOrientationLandscapeRight";
				LD_RUNPATH_SEARCH_PATHS = (
					"$(inherited)",
					"@executable_path/Frameworks",
				);
				MARKETING_VERSION = 1.0;
				PRODUCT_BUNDLE_IDENTIFIER = com.test.DispachOneDemo;
				PRODUCT_NAME = "$(TARGET_NAME)";
				SWIFT_EMIT_LOC_STRINGS = YES;
				SWIFT_VERSION = 5.0;
				TARGETED_DEVICE_FAMILY = "1,2";
			};
			name = Debug;
		};
		EEED08D52C215DFF00F300EC /* Release */ = {
			isa = XCBuildConfiguration;
			buildSettings = {
				ASSETCATALOG_COMPILER_APPICON_NAME = AppIcon;
				ASSETCATALOG_COMPILER_GLOBAL_ACCENT_COLOR_NAME = AccentColor;
				CODE_SIGN_STYLE = Automatic;
				CURRENT_PROJECT_VERSION = 1;
				GENERATE_INFOPLIST_FILE = YES;
				INFOPLIST_FILE = DispachOneDemo/Info.plist;
				INFOPLIST_KEY_UIApplicationSupportsIndirectInputEvents = YES;
				INFOPLIST_KEY_UILaunchStoryboardName = LaunchScreen;
				INFOPLIST_KEY_UIMainStoryboardFile = Main;
				INFOPLIST_KEY_UISupportedInterfaceOrientations_iPad = "UIInterfaceOrientationPortrait UIInterfaceOrientationPortraitUpsideDown UIInterfaceOrientationLandscapeLeft UIInterfaceOrientationLandscapeRight";
				INFOPLIST_KEY_UISupportedInterfaceOrientations_iPhone = "UIInterfaceOrientationPortrait UIInterfaceOrientationLandscapeLeft UIInterfaceOrientationLandscapeRight";
				LD_RUNPATH_SEARCH_PATHS = (
					"$(inherited)",
					"@executable_path/Frameworks",
				);
				MARKETING_VERSION = 1.0;
				PRODUCT_BUNDLE_IDENTIFIER = com.test.DispachOneDemo;
				PRODUCT_NAME = "$(TARGET_NAME)";
				SWIFT_EMIT_LOC_STRINGS = YES;
				SWIFT_VERSION = 5.0;
				TARGETED_DEVICE_FAMILY = "1,2";
			};
			name = Release;
		};
/* End XCBuildConfiguration section */

/* Begin XCConfigurationList section */
		EEED08BA2C215DFC00F300EC /* Build configuration list for PBXProject "DispachOneDemo" */ = {
			isa = XCConfigurationList;
			buildConfigurations = (
				EEED08D12C215DFF00F300EC /* Debug */,
				EEED08D22C215DFF00F300EC /* Release */,
			);
			defaultConfigurationIsVisible = 0;
			defaultConfigurationName = Release;
		};
		EEED08D32C215DFF00F300EC /* Build configuration list for PBXNativeTarget "DispachOneDemo" */ = {
			isa = XCConfigurationList;
			buildConfigurations = (
				EEED08D42C215DFF00F300EC /* Debug */,
				EEED08D52C215DFF00F300EC /* Release */,
			);
			defaultConfigurationIsVisible = 0;
			defaultConfigurationName = Release;
		};
/* End XCConfigurationList section */
	};
	rootObject = EEED08B72C215DFC00F300EC /* Project object */;
}
